
Microsoft Visual Studio Solution File, Format Version 12.00
# Visual Studio 15
VisualStudioVersion = 15.0.25920.0
MinimumVisualStudioVersion = 10.0.40219.1
Project("{8BC9CEB8-8B4A-11D0-8D11-00A0C91BC942}") = "MetaprogrammingExample", "..\Basic\MetaprogrammingExample\VS\MetaprogrammingExample.vcxproj", "{41052C6A-F890-4260-8A00-5C50D25D40CE}"
EndProject
Project("{8BC9CEB8-8B4A-11D0-8D11-00A0C91BC942}") = "STLFileIO", "..\Basic\STLFileIO\VS\STLFileIO.vcxproj", "{CD9C3F4B-5BC0-44AD-BE89-3489B05201BC}"
EndProject
Project("{8BC9CEB8-8B4A-11D0-8D11-00A0C91BC942}") = "StringExample", "..\Basic\StringExample\VS\StringExample.vcxproj", "{5220C5DD-02CD-464F-BBA4-E61661DA842D}"
EndProject
Project("{2150E333-8FDC-42A3-9474-1A3956D46DE8}") = "Basic", "Basic", "{A40C23BD-0578-4219-B7EC-9039BC81460C}"
EndProject
Project("{8BC9CEB8-8B4A-11D0-8D11-00A0C91BC942}") = "STLBasicExample", "..\Basic\STLBasicExample\VS\STLBasicExample.vcxproj", "{C3594DBA-D4D0-4D0A-B256-00C5B62B69EA}"
EndProject
Project("{2150E333-8FDC-42A3-9474-1A3956D46DE8}") = "Exercise", "Exercise", "{29613A91-DB59-4EA9-AFAC-C84E7C3680C2}"
EndProject
Project("{8BC9CEB8-8B4A-11D0-8D11-00A0C91BC942}") = "Logic", "..\Exercise\Logic\VS\Logic.vcxproj", "{D78F191A-CBCF-424C-8C59-76EBE87F6BBD}"
EndProject
Project("{2150E333-8FDC-42A3-9474-1A3956D46DE8}") = "TR1", "TR1", "{7625C3C5-0103-4345-BBEB-0A2E0501FEB0}"
EndProject
Project("{8BC9CEB8-8B4A-11D0-8D11-00A0C91BC942}") = "Shapes", "..\Exercise\Shapes\VS\Shapes.vcxproj", "{A3E35833-7277-4B0B-9D2E-78B544C3C2A8}"
EndProject
Project("{8BC9CEB8-8B4A-11D0-8D11-00A0C91BC942}") = "ShapesFinal", "..\Exercise\ShapesFinal\VS\ShapesFinal.vcxproj", "{DB8803E9-2090-4E11-B48B-2283856631C1}"
EndProject
Project("{2150E333-8FDC-42A3-9474-1A3956D46DE8}") = "TR1", "TR1", "{1078516B-281D-41D4-8EFF-E3CC4DDBA5FD}"
EndProject
Project("{8BC9CEB8-8B4A-11D0-8D11-00A0C91BC942}") = "TR1Examples", "..\TR1\TR1Examples\VS\TR1Examples.vcxproj", "{0AEE34B3-86DE-40CE-B5EF-33C6D00CFC4F}"
EndProject
Project("{8BC9CEB8-8B4A-11D0-8D11-00A0C91BC942}") = "CPPKeywords", "..\Exercise\CPPKeywords\VS\CPPKeywords.vcxproj", "{627D0138-B924-4D75-884E-F1541D7FB0DF}"
EndProject
Project("{8BC9CEB8-8B4A-11D0-8D11-00A0C91BC942}") = "FunctionCalc", "..\Exercise\FunctionCalc\VS\FunctionCalc.vcxproj", "{BB5564A7-1ADD-44D7-A8E1-E6B5D3FB8BCE}"
EndProject
Project("{2150E333-8FDC-42A3-9474-1A3956D46DE8}") = "Threads", "Threads", "{5BB2CB4D-77DB-49B4-BF00-73919F0E11CE}"
EndProject
Project("{8BC9CEB8-8B4A-11D0-8D11-00A0C91BC942}") = "EnhancingClasses", "..\EnhancingClasses\VS\EnhancingClasses.vcxproj", "{90705CAC-9F9D-46C8-ADA0-40E11E781E61}"
EndProject
Project("{8BC9CEB8-8B4A-11D0-8D11-00A0C91BC942}") = "EnhancingStaticBehavior", "..\EnhancingStaticBehavior\VS\EnhancingStaticBehavior.vcxproj", "{EC512142-375C-4544-8560-C754C4DDBE8B}"
EndProject
Project("{8BC9CEB8-8B4A-11D0-8D11-00A0C91BC942}") = "FixingIt", "..\FixingIt\VS\FixingIt.vcxproj", "{DA72256F-66ED-4EE7-8029-3BE0E82D5749}"
EndProject
Project("{8BC9CEB8-8B4A-11D0-8D11-00A0C91BC942}") = "MakeItRunFaster", "..\MakeItRunFaster\VS\MakeItRunFaster.vcxproj", "{93E0BF59-C146-4D2A-B698-0E8E2845AF14}"
EndProject
Project("{8BC9CEB8-8B4A-11D0-8D11-00A0C91BC942}") = "MakeLifeEasier", "..\MakeLifeEasier\VS\MakeLifeEasier.vcxproj", "{375234BD-0547-4502-B37C-22F9358263D3}"
EndProject
Project("{8BC9CEB8-8B4A-11D0-8D11-00A0C91BC942}") = "Async", "..\Threads\Async\VS\Async.vcxproj", "{19AE674F-3EDD-4DB0-BD7A-A2A8E16AD458}"
EndProject
Project("{2150E333-8FDC-42A3-9474-1A3956D46DE8}") = "Threads", "Threads", "{7597C45B-92AF-4C59-9F4B-EC733E61C8CA}"
EndProject
Project("{8BC9CEB8-8B4A-11D0-8D11-00A0C91BC942}") = "Promises", "..\Exercise\Promises\VS\Promises.vcxproj", "{966B3A64-03DF-4970-9989-A55DF90ACCD3}"
EndProject
Project("{8BC9CEB8-8B4A-11D0-8D11-00A0C91BC942}") = "TaskScheduler", "..\Exercise\TaskScheduler\VS\TaskScheduler.vcxproj", "{309D26AB-C9B0-4AD9-B2B8-C4D11EAAAAED}"
EndProject
Project("{8BC9CEB8-8B4A-11D0-8D11-00A0C91BC942}") = "AsyncTree", "..\Threads\AsyncTree\VS\AsyncTree.vcxproj", "{9151B18C-A1FC-4B7B-A06B-601393E41945}"
EndProject
Project("{8BC9CEB8-8B4A-11D0-8D11-00A0C91BC942}") = "CallOnce", "..\Threads\CallOnce\VS\CallOnce.vcxproj", "{5EE9BDF1-CDC8-41B0-B4C2-0BE4699CCB58}"
EndProject
Project("{8BC9CEB8-8B4A-11D0-8D11-00A0C91BC942}") = "PassingParameters", "..\Threads\PassingParameters\VS\PassingParameters.vcxproj", "{83DB11FF-2FC4-4910-ABF6-C552F2D03E51}"
EndProject
Project("{8BC9CEB8-8B4A-11D0-8D11-00A0C91BC942}") = "ProducerConsumer", "..\Threads\ProducerConsumer\VS\ProducerConsumer.vcxproj", "{EF345C15-CA0C-4187-B148-2F68A8025A2D}"
EndProject
Project("{8BC9CEB8-8B4A-11D0-8D11-00A0C91BC942}") = "PromiseTree", "..\Threads\PromiseTree\VS\PromiseTree.vcxproj", "{4F815C1E-E11C-4957-8B6A-82FDA08EF6BE}"
EndProject
Project("{8BC9CEB8-8B4A-11D0-8D11-00A0C91BC942}") = "ResumableTree", "..\Threads\ResumableTree\VS\ResumableTree.vcxproj", "{26E0F063-A387-4A55-AA32-78BA71B0994E}"
EndProject
Project("{8BC9CEB8-8B4A-11D0-8D11-00A0C91BC942}") = "SimpleThreading", "..\Threads\SimpleThreading\VS\SimpleThreading.vcxproj", "{0A0A490B-8EFC-4923-A706-EA21E95D1124}"
EndProject
Project("{8BC9CEB8-8B4A-11D0-8D11-00A0C91BC942}") = "Synchronization", "..\Threads\Synchronization\VS\Synchronization.vcxproj", "{B46C57AF-63DA-4551-B98B-369EFC943D44}"
EndProject
Project("{2150E333-8FDC-42A3-9474-1A3956D46DE8}") = "CPP20_experimental", "CPP20_experimental", "{B53B3B7E-87DB-4874-8186-6A461BB5BD0A}"
EndProject
Project("{8BC9CEB8-8B4A-11D0-8D11-00A0C91BC942}") = "Generators", "..\CPP17Experimental\Generators\Generators.vcxproj", "{B7D6CCF7-58A7-4C21-B2E3-4B7A76B7F417}"
EndProject
Global
	GlobalSection(SolutionConfigurationPlatforms) = preSolution
		Debug|x64 = Debug|x64
		Debug|x86 = Debug|x86
		Release|x64 = Release|x64
		Release|x86 = Release|x86
	EndGlobalSection
	GlobalSection(ProjectConfigurationPlatforms) = postSolution
		{41052C6A-F890-4260-8A00-5C50D25D40CE}.Debug|x64.ActiveCfg = Debug|x64
		{41052C6A-F890-4260-8A00-5C50D25D40CE}.Debug|x64.Build.0 = Debug|x64
		{41052C6A-F890-4260-8A00-5C50D25D40CE}.Debug|x86.ActiveCfg = Debug|Win32
		{41052C6A-F890-4260-8A00-5C50D25D40CE}.Debug|x86.Build.0 = Debug|Win32
		{41052C6A-F890-4260-8A00-5C50D25D40CE}.Release|x64.ActiveCfg = Release|x64
		{41052C6A-F890-4260-8A00-5C50D25D40CE}.Release|x64.Build.0 = Release|x64
		{41052C6A-F890-4260-8A00-5C50D25D40CE}.Release|x86.ActiveCfg = Release|Win32
		{41052C6A-F890-4260-8A00-5C50D25D40CE}.Release|x86.Build.0 = Release|Win32
		{CD9C3F4B-5BC0-44AD-BE89-3489B05201BC}.Debug|x64.ActiveCfg = Debug|x64
		{CD9C3F4B-5BC0-44AD-BE89-3489B05201BC}.Debug|x64.Build.0 = Debug|x64
		{CD9C3F4B-5BC0-44AD-BE89-3489B05201BC}.Debug|x86.ActiveCfg = Debug|Win32
		{CD9C3F4B-5BC0-44AD-BE89-3489B05201BC}.Debug|x86.Build.0 = Debug|Win32
		{CD9C3F4B-5BC0-44AD-BE89-3489B05201BC}.Release|x64.ActiveCfg = Release|x64
		{CD9C3F4B-5BC0-44AD-BE89-3489B05201BC}.Release|x64.Build.0 = Release|x64
		{CD9C3F4B-5BC0-44AD-BE89-3489B05201BC}.Release|x86.ActiveCfg = Release|Win32
		{CD9C3F4B-5BC0-44AD-BE89-3489B05201BC}.Release|x86.Build.0 = Release|Win32
		{5220C5DD-02CD-464F-BBA4-E61661DA842D}.Debug|x64.ActiveCfg = Debug|x64
		{5220C5DD-02CD-464F-BBA4-E61661DA842D}.Debug|x64.Build.0 = Debug|x64
		{5220C5DD-02CD-464F-BBA4-E61661DA842D}.Debug|x86.ActiveCfg = Debug|Win32
		{5220C5DD-02CD-464F-BBA4-E61661DA842D}.Debug|x86.Build.0 = Debug|Win32
		{5220C5DD-02CD-464F-BBA4-E61661DA842D}.Release|x64.ActiveCfg = Release|x64
		{5220C5DD-02CD-464F-BBA4-E61661DA842D}.Release|x64.Build.0 = Release|x64
		{5220C5DD-02CD-464F-BBA4-E61661DA842D}.Release|x86.ActiveCfg = Release|Win32
		{5220C5DD-02CD-464F-BBA4-E61661DA842D}.Release|x86.Build.0 = Release|Win32
		{C3594DBA-D4D0-4D0A-B256-00C5B62B69EA}.Debug|x64.ActiveCfg = Debug|x64
		{C3594DBA-D4D0-4D0A-B256-00C5B62B69EA}.Debug|x64.Build.0 = Debug|x64
		{C3594DBA-D4D0-4D0A-B256-00C5B62B69EA}.Debug|x86.ActiveCfg = Debug|Win32
		{C3594DBA-D4D0-4D0A-B256-00C5B62B69EA}.Debug|x86.Build.0 = Debug|Win32
		{C3594DBA-D4D0-4D0A-B256-00C5B62B69EA}.Release|x64.ActiveCfg = Release|x64
		{C3594DBA-D4D0-4D0A-B256-00C5B62B69EA}.Release|x64.Build.0 = Release|x64
		{C3594DBA-D4D0-4D0A-B256-00C5B62B69EA}.Release|x86.ActiveCfg = Release|Win32
		{C3594DBA-D4D0-4D0A-B256-00C5B62B69EA}.Release|x86.Build.0 = Release|Win32
		{D78F191A-CBCF-424C-8C59-76EBE87F6BBD}.Debug|x64.ActiveCfg = Debug|x64
		{D78F191A-CBCF-424C-8C59-76EBE87F6BBD}.Debug|x64.Build.0 = Debug|x64
		{D78F191A-CBCF-424C-8C59-76EBE87F6BBD}.Debug|x86.ActiveCfg = Debug|Win32
		{D78F191A-CBCF-424C-8C59-76EBE87F6BBD}.Debug|x86.Build.0 = Debug|Win32
		{D78F191A-CBCF-424C-8C59-76EBE87F6BBD}.Release|x64.ActiveCfg = Release|x64
		{D78F191A-CBCF-424C-8C59-76EBE87F6BBD}.Release|x64.Build.0 = Release|x64
		{D78F191A-CBCF-424C-8C59-76EBE87F6BBD}.Release|x86.ActiveCfg = Release|Win32
		{D78F191A-CBCF-424C-8C59-76EBE87F6BBD}.Release|x86.Build.0 = Release|Win32
		{A3E35833-7277-4B0B-9D2E-78B544C3C2A8}.Debug|x64.ActiveCfg = Debug|x64
		{A3E35833-7277-4B0B-9D2E-78B544C3C2A8}.Debug|x64.Build.0 = Debug|x64
		{A3E35833-7277-4B0B-9D2E-78B544C3C2A8}.Debug|x86.ActiveCfg = Debug|Win32
		{A3E35833-7277-4B0B-9D2E-78B544C3C2A8}.Debug|x86.Build.0 = Debug|Win32
		{A3E35833-7277-4B0B-9D2E-78B544C3C2A8}.Release|x64.ActiveCfg = Release|x64
		{A3E35833-7277-4B0B-9D2E-78B544C3C2A8}.Release|x64.Build.0 = Release|x64
		{A3E35833-7277-4B0B-9D2E-78B544C3C2A8}.Release|x86.ActiveCfg = Release|Win32
		{A3E35833-7277-4B0B-9D2E-78B544C3C2A8}.Release|x86.Build.0 = Release|Win32
		{DB8803E9-2090-4E11-B48B-2283856631C1}.Debug|x64.ActiveCfg = Debug|x64
		{DB8803E9-2090-4E11-B48B-2283856631C1}.Debug|x64.Build.0 = Debug|x64
		{DB8803E9-2090-4E11-B48B-2283856631C1}.Debug|x86.ActiveCfg = Debug|Win32
		{DB8803E9-2090-4E11-B48B-2283856631C1}.Debug|x86.Build.0 = Debug|Win32
		{DB8803E9-2090-4E11-B48B-2283856631C1}.Release|x64.ActiveCfg = Release|x64
		{DB8803E9-2090-4E11-B48B-2283856631C1}.Release|x64.Build.0 = Release|x64
		{DB8803E9-2090-4E11-B48B-2283856631C1}.Release|x86.ActiveCfg = Release|Win32
		{DB8803E9-2090-4E11-B48B-2283856631C1}.Release|x86.Build.0 = Release|Win32
		{0AEE34B3-86DE-40CE-B5EF-33C6D00CFC4F}.Debug|x64.ActiveCfg = Debug|x64
		{0AEE34B3-86DE-40CE-B5EF-33C6D00CFC4F}.Debug|x64.Build.0 = Debug|x64
		{0AEE34B3-86DE-40CE-B5EF-33C6D00CFC4F}.Debug|x86.ActiveCfg = Debug|Win32
		{0AEE34B3-86DE-40CE-B5EF-33C6D00CFC4F}.Debug|x86.Build.0 = Debug|Win32
		{0AEE34B3-86DE-40CE-B5EF-33C6D00CFC4F}.Release|x64.ActiveCfg = Release|x64
		{0AEE34B3-86DE-40CE-B5EF-33C6D00CFC4F}.Release|x64.Build.0 = Release|x64
		{0AEE34B3-86DE-40CE-B5EF-33C6D00CFC4F}.Release|x86.ActiveCfg = Release|Win32
		{0AEE34B3-86DE-40CE-B5EF-33C6D00CFC4F}.Release|x86.Build.0 = Release|Win32
		{627D0138-B924-4D75-884E-F1541D7FB0DF}.Debug|x64.ActiveCfg = Debug|x64
		{627D0138-B924-4D75-884E-F1541D7FB0DF}.Debug|x64.Build.0 = Debug|x64
		{627D0138-B924-4D75-884E-F1541D7FB0DF}.Debug|x86.ActiveCfg = Debug|Win32
		{627D0138-B924-4D75-884E-F1541D7FB0DF}.Debug|x86.Build.0 = Debug|Win32
		{627D0138-B924-4D75-884E-F1541D7FB0DF}.Release|x64.ActiveCfg = Release|x64
		{627D0138-B924-4D75-884E-F1541D7FB0DF}.Release|x64.Build.0 = Release|x64
		{627D0138-B924-4D75-884E-F1541D7FB0DF}.Release|x86.ActiveCfg = Release|Win32
		{627D0138-B924-4D75-884E-F1541D7FB0DF}.Release|x86.Build.0 = Release|Win32
		{BB5564A7-1ADD-44D7-A8E1-E6B5D3FB8BCE}.Debug|x64.ActiveCfg = Debug|x64
		{BB5564A7-1ADD-44D7-A8E1-E6B5D3FB8BCE}.Debug|x64.Build.0 = Debug|x64
		{BB5564A7-1ADD-44D7-A8E1-E6B5D3FB8BCE}.Debug|x86.ActiveCfg = Debug|Win32
		{BB5564A7-1ADD-44D7-A8E1-E6B5D3FB8BCE}.Debug|x86.Build.0 = Debug|Win32
		{BB5564A7-1ADD-44D7-A8E1-E6B5D3FB8BCE}.Release|x64.ActiveCfg = Release|x64
		{BB5564A7-1ADD-44D7-A8E1-E6B5D3FB8BCE}.Release|x64.Build.0 = Release|x64
		{BB5564A7-1ADD-44D7-A8E1-E6B5D3FB8BCE}.Release|x86.ActiveCfg = Release|Win32
		{BB5564A7-1ADD-44D7-A8E1-E6B5D3FB8BCE}.Release|x86.Build.0 = Release|Win32
		{90705CAC-9F9D-46C8-ADA0-40E11E781E61}.Debug|x64.ActiveCfg = Debug|x64
		{90705CAC-9F9D-46C8-ADA0-40E11E781E61}.Debug|x64.Build.0 = Debug|x64
		{90705CAC-9F9D-46C8-ADA0-40E11E781E61}.Debug|x86.ActiveCfg = Debug|Win32
		{90705CAC-9F9D-46C8-ADA0-40E11E781E61}.Debug|x86.Build.0 = Debug|Win32
		{90705CAC-9F9D-46C8-ADA0-40E11E781E61}.Release|x64.ActiveCfg = Release|x64
		{90705CAC-9F9D-46C8-ADA0-40E11E781E61}.Release|x64.Build.0 = Release|x64
		{90705CAC-9F9D-46C8-ADA0-40E11E781E61}.Release|x86.ActiveCfg = Release|Win32
		{90705CAC-9F9D-46C8-ADA0-40E11E781E61}.Release|x86.Build.0 = Release|Win32
		{EC512142-375C-4544-8560-C754C4DDBE8B}.Debug|x64.ActiveCfg = Debug|x64
		{EC512142-375C-4544-8560-C754C4DDBE8B}.Debug|x64.Build.0 = Debug|x64
		{EC512142-375C-4544-8560-C754C4DDBE8B}.Debug|x86.ActiveCfg = Debug|Win32
		{EC512142-375C-4544-8560-C754C4DDBE8B}.Debug|x86.Build.0 = Debug|Win32
		{EC512142-375C-4544-8560-C754C4DDBE8B}.Release|x64.ActiveCfg = Release|x64
		{EC512142-375C-4544-8560-C754C4DDBE8B}.Release|x64.Build.0 = Release|x64
		{EC512142-375C-4544-8560-C754C4DDBE8B}.Release|x86.ActiveCfg = Release|Win32
		{EC512142-375C-4544-8560-C754C4DDBE8B}.Release|x86.Build.0 = Release|Win32
		{DA72256F-66ED-4EE7-8029-3BE0E82D5749}.Debug|x64.ActiveCfg = Debug|x64
		{DA72256F-66ED-4EE7-8029-3BE0E82D5749}.Debug|x64.Build.0 = Debug|x64
		{DA72256F-66ED-4EE7-8029-3BE0E82D5749}.Debug|x86.ActiveCfg = Debug|Win32
		{DA72256F-66ED-4EE7-8029-3BE0E82D5749}.Debug|x86.Build.0 = Debug|Win32
		{DA72256F-66ED-4EE7-8029-3BE0E82D5749}.Release|x64.ActiveCfg = Release|x64
		{DA72256F-66ED-4EE7-8029-3BE0E82D5749}.Release|x64.Build.0 = Release|x64
		{DA72256F-66ED-4EE7-8029-3BE0E82D5749}.Release|x86.ActiveCfg = Release|Win32
		{DA72256F-66ED-4EE7-8029-3BE0E82D5749}.Release|x86.Build.0 = Release|Win32
		{93E0BF59-C146-4D2A-B698-0E8E2845AF14}.Debug|x64.ActiveCfg = Debug|x64
		{93E0BF59-C146-4D2A-B698-0E8E2845AF14}.Debug|x64.Build.0 = Debug|x64
		{93E0BF59-C146-4D2A-B698-0E8E2845AF14}.Debug|x86.ActiveCfg = Debug|Win32
		{93E0BF59-C146-4D2A-B698-0E8E2845AF14}.Debug|x86.Build.0 = Debug|Win32
		{93E0BF59-C146-4D2A-B698-0E8E2845AF14}.Release|x64.ActiveCfg = Release|x64
		{93E0BF59-C146-4D2A-B698-0E8E2845AF14}.Release|x64.Build.0 = Release|x64
		{93E0BF59-C146-4D2A-B698-0E8E2845AF14}.Release|x86.ActiveCfg = Release|Win32
		{93E0BF59-C146-4D2A-B698-0E8E2845AF14}.Release|x86.Build.0 = Release|Win32
		{375234BD-0547-4502-B37C-22F9358263D3}.Debug|x64.ActiveCfg = Debug|x64
		{375234BD-0547-4502-B37C-22F9358263D3}.Debug|x64.Build.0 = Debug|x64
		{375234BD-0547-4502-B37C-22F9358263D3}.Debug|x86.ActiveCfg = Debug|Win32
		{375234BD-0547-4502-B37C-22F9358263D3}.Debug|x86.Build.0 = Debug|Win32
		{375234BD-0547-4502-B37C-22F9358263D3}.Release|x64.ActiveCfg = Release|x64
		{375234BD-0547-4502-B37C-22F9358263D3}.Release|x64.Build.0 = Release|x64
		{375234BD-0547-4502-B37C-22F9358263D3}.Release|x86.ActiveCfg = Release|Win32
		{375234BD-0547-4502-B37C-22F9358263D3}.Release|x86.Build.0 = Release|Win32
		{19AE674F-3EDD-4DB0-BD7A-A2A8E16AD458}.Debug|x64.ActiveCfg = Debug|x64
		{19AE674F-3EDD-4DB0-BD7A-A2A8E16AD458}.Debug|x64.Build.0 = Debug|x64
		{19AE674F-3EDD-4DB0-BD7A-A2A8E16AD458}.Debug|x86.ActiveCfg = Debug|Win32
		{19AE674F-3EDD-4DB0-BD7A-A2A8E16AD458}.Debug|x86.Build.0 = Debug|Win32
		{19AE674F-3EDD-4DB0-BD7A-A2A8E16AD458}.Release|x64.ActiveCfg = Release|x64
		{19AE674F-3EDD-4DB0-BD7A-A2A8E16AD458}.Release|x64.Build.0 = Release|x64
		{19AE674F-3EDD-4DB0-BD7A-A2A8E16AD458}.Release|x86.ActiveCfg = Release|Win32
		{19AE674F-3EDD-4DB0-BD7A-A2A8E16AD458}.Release|x86.Build.0 = Release|Win32
		{966B3A64-03DF-4970-9989-A55DF90ACCD3}.Debug|x64.ActiveCfg = Debug|x64
		{966B3A64-03DF-4970-9989-A55DF90ACCD3}.Debug|x64.Build.0 = Debug|x64
		{966B3A64-03DF-4970-9989-A55DF90ACCD3}.Debug|x86.ActiveCfg = Debug|Win32
		{966B3A64-03DF-4970-9989-A55DF90ACCD3}.Debug|x86.Build.0 = Debug|Win32
		{966B3A64-03DF-4970-9989-A55DF90ACCD3}.Release|x64.ActiveCfg = Release|x64
		{966B3A64-03DF-4970-9989-A55DF90ACCD3}.Release|x64.Build.0 = Release|x64
		{966B3A64-03DF-4970-9989-A55DF90ACCD3}.Release|x86.ActiveCfg = Release|Win32
		{966B3A64-03DF-4970-9989-A55DF90ACCD3}.Release|x86.Build.0 = Release|Win32
		{309D26AB-C9B0-4AD9-B2B8-C4D11EAAAAED}.Debug|x64.ActiveCfg = Debug|x64
		{309D26AB-C9B0-4AD9-B2B8-C4D11EAAAAED}.Debug|x64.Build.0 = Debug|x64
		{309D26AB-C9B0-4AD9-B2B8-C4D11EAAAAED}.Debug|x86.ActiveCfg = Debug|Win32
		{309D26AB-C9B0-4AD9-B2B8-C4D11EAAAAED}.Debug|x86.Build.0 = Debug|Win32
		{309D26AB-C9B0-4AD9-B2B8-C4D11EAAAAED}.Release|x64.ActiveCfg = Release|x64
		{309D26AB-C9B0-4AD9-B2B8-C4D11EAAAAED}.Release|x64.Build.0 = Release|x64
		{309D26AB-C9B0-4AD9-B2B8-C4D11EAAAAED}.Release|x86.ActiveCfg = Release|Win32
		{309D26AB-C9B0-4AD9-B2B8-C4D11EAAAAED}.Release|x86.Build.0 = Release|Win32
		{9151B18C-A1FC-4B7B-A06B-601393E41945}.Debug|x64.ActiveCfg = Debug|x64
		{9151B18C-A1FC-4B7B-A06B-601393E41945}.Debug|x64.Build.0 = Debug|x64
		{9151B18C-A1FC-4B7B-A06B-601393E41945}.Debug|x86.ActiveCfg = Debug|Win32
		{9151B18C-A1FC-4B7B-A06B-601393E41945}.Debug|x86.Build.0 = Debug|Win32
		{9151B18C-A1FC-4B7B-A06B-601393E41945}.Release|x64.ActiveCfg = Release|x64
		{9151B18C-A1FC-4B7B-A06B-601393E41945}.Release|x64.Build.0 = Release|x64
		{9151B18C-A1FC-4B7B-A06B-601393E41945}.Release|x86.ActiveCfg = Release|Win32
		{9151B18C-A1FC-4B7B-A06B-601393E41945}.Release|x86.Build.0 = Release|Win32
		{5EE9BDF1-CDC8-41B0-B4C2-0BE4699CCB58}.Debug|x64.ActiveCfg = Debug|x64
		{5EE9BDF1-CDC8-41B0-B4C2-0BE4699CCB58}.Debug|x64.Build.0 = Debug|x64
		{5EE9BDF1-CDC8-41B0-B4C2-0BE4699CCB58}.Debug|x86.ActiveCfg = Debug|Win32
		{5EE9BDF1-CDC8-41B0-B4C2-0BE4699CCB58}.Debug|x86.Build.0 = Debug|Win32
		{5EE9BDF1-CDC8-41B0-B4C2-0BE4699CCB58}.Release|x64.ActiveCfg = Release|x64
		{5EE9BDF1-CDC8-41B0-B4C2-0BE4699CCB58}.Release|x64.Build.0 = Release|x64
		{5EE9BDF1-CDC8-41B0-B4C2-0BE4699CCB58}.Release|x86.ActiveCfg = Release|Win32
		{5EE9BDF1-CDC8-41B0-B4C2-0BE4699CCB58}.Release|x86.Build.0 = Release|Win32
		{83DB11FF-2FC4-4910-ABF6-C552F2D03E51}.Debug|x64.ActiveCfg = Debug|x64
		{83DB11FF-2FC4-4910-ABF6-C552F2D03E51}.Debug|x64.Build.0 = Debug|x64
		{83DB11FF-2FC4-4910-ABF6-C552F2D03E51}.Debug|x86.ActiveCfg = Debug|Win32
		{83DB11FF-2FC4-4910-ABF6-C552F2D03E51}.Debug|x86.Build.0 = Debug|Win32
		{83DB11FF-2FC4-4910-ABF6-C552F2D03E51}.Release|x64.ActiveCfg = Release|x64
		{83DB11FF-2FC4-4910-ABF6-C552F2D03E51}.Release|x64.Build.0 = Release|x64
		{83DB11FF-2FC4-4910-ABF6-C552F2D03E51}.Release|x86.ActiveCfg = Release|Win32
		{83DB11FF-2FC4-4910-ABF6-C552F2D03E51}.Release|x86.Build.0 = Release|Win32
		{EF345C15-CA0C-4187-B148-2F68A8025A2D}.Debug|x64.ActiveCfg = Debug|x64
		{EF345C15-CA0C-4187-B148-2F68A8025A2D}.Debug|x64.Build.0 = Debug|x64
		{EF345C15-CA0C-4187-B148-2F68A8025A2D}.Debug|x86.ActiveCfg = Debug|Win32
		{EF345C15-CA0C-4187-B148-2F68A8025A2D}.Debug|x86.Build.0 = Debug|Win32
		{EF345C15-CA0C-4187-B148-2F68A8025A2D}.Release|x64.ActiveCfg = Release|x64
		{EF345C15-CA0C-4187-B148-2F68A8025A2D}.Release|x64.Build.0 = Release|x64
		{EF345C15-CA0C-4187-B148-2F68A8025A2D}.Release|x86.ActiveCfg = Release|Win32
		{EF345C15-CA0C-4187-B148-2F68A8025A2D}.Release|x86.Build.0 = Release|Win32
		{4F815C1E-E11C-4957-8B6A-82FDA08EF6BE}.Debug|x64.ActiveCfg = Debug|x64
		{4F815C1E-E11C-4957-8B6A-82FDA08EF6BE}.Debug|x64.Build.0 = Debug|x64
		{4F815C1E-E11C-4957-8B6A-82FDA08EF6BE}.Debug|x86.ActiveCfg = Debug|Win32
		{4F815C1E-E11C-4957-8B6A-82FDA08EF6BE}.Debug|x86.Build.0 = Debug|Win32
		{4F815C1E-E11C-4957-8B6A-82FDA08EF6BE}.Release|x64.ActiveCfg = Release|x64
		{4F815C1E-E11C-4957-8B6A-82FDA08EF6BE}.Release|x64.Build.0 = Release|x64
		{4F815C1E-E11C-4957-8B6A-82FDA08EF6BE}.Release|x86.ActiveCfg = Release|Win32
		{4F815C1E-E11C-4957-8B6A-82FDA08EF6BE}.Release|x86.Build.0 = Release|Win32
		{26E0F063-A387-4A55-AA32-78BA71B0994E}.Debug|x64.ActiveCfg = Debug|x64
		{26E0F063-A387-4A55-AA32-78BA71B0994E}.Debug|x64.Build.0 = Debug|x64
		{26E0F063-A387-4A55-AA32-78BA71B0994E}.Debug|x86.ActiveCfg = Debug|Win32
		{26E0F063-A387-4A55-AA32-78BA71B0994E}.Debug|x86.Build.0 = Debug|Win32
		{26E0F063-A387-4A55-AA32-78BA71B0994E}.Release|x64.ActiveCfg = Release|x64
		{26E0F063-A387-4A55-AA32-78BA71B0994E}.Release|x64.Build.0 = Release|x64
		{26E0F063-A387-4A55-AA32-78BA71B0994E}.Release|x86.ActiveCfg = Release|Win32
		{26E0F063-A387-4A55-AA32-78BA71B0994E}.Release|x86.Build.0 = Release|Win32
		{0A0A490B-8EFC-4923-A706-EA21E95D1124}.Debug|x64.ActiveCfg = Debug|x64
		{0A0A490B-8EFC-4923-A706-EA21E95D1124}.Debug|x64.Build.0 = Debug|x64
		{0A0A490B-8EFC-4923-A706-EA21E95D1124}.Debug|x86.ActiveCfg = Debug|Win32
		{0A0A490B-8EFC-4923-A706-EA21E95D1124}.Debug|x86.Build.0 = Debug|Win32
		{0A0A490B-8EFC-4923-A706-EA21E95D1124}.Release|x64.ActiveCfg = Release|x64
		{0A0A490B-8EFC-4923-A706-EA21E95D1124}.Release|x64.Build.0 = Release|x64
		{0A0A490B-8EFC-4923-A706-EA21E95D1124}.Release|x86.ActiveCfg = Release|Win32
		{0A0A490B-8EFC-4923-A706-EA21E95D1124}.Release|x86.Build.0 = Release|Win32
		{B46C57AF-63DA-4551-B98B-369EFC943D44}.Debug|x64.ActiveCfg = Debug|x64
		{B46C57AF-63DA-4551-B98B-369EFC943D44}.Debug|x64.Build.0 = Debug|x64
		{B46C57AF-63DA-4551-B98B-369EFC943D44}.Debug|x86.ActiveCfg = Debug|Win32
		{B46C57AF-63DA-4551-B98B-369EFC943D44}.Debug|x86.Build.0 = Debug|Win32
		{B46C57AF-63DA-4551-B98B-369EFC943D44}.Release|x64.ActiveCfg = Release|x64
		{B46C57AF-63DA-4551-B98B-369EFC943D44}.Release|x64.Build.0 = Release|x64
		{B46C57AF-63DA-4551-B98B-369EFC943D44}.Release|x86.ActiveCfg = Release|Win32
		{B46C57AF-63DA-4551-B98B-369EFC943D44}.Release|x86.Build.0 = Release|Win32
		{B7D6CCF7-58A7-4C21-B2E3-4B7A76B7F417}.Debug|x64.ActiveCfg = Debug|x64
		{B7D6CCF7-58A7-4C21-B2E3-4B7A76B7F417}.Debug|x64.Build.0 = Debug|x64
		{B7D6CCF7-58A7-4C21-B2E3-4B7A76B7F417}.Debug|x86.ActiveCfg = Debug|Win32
		{B7D6CCF7-58A7-4C21-B2E3-4B7A76B7F417}.Debug|x86.Build.0 = Debug|Win32
		{B7D6CCF7-58A7-4C21-B2E3-4B7A76B7F417}.Release|x64.ActiveCfg = Release|x64
		{B7D6CCF7-58A7-4C21-B2E3-4B7A76B7F417}.Release|x64.Build.0 = Release|x64
		{B7D6CCF7-58A7-4C21-B2E3-4B7A76B7F417}.Release|x86.ActiveCfg = Release|Win32
		{B7D6CCF7-58A7-4C21-B2E3-4B7A76B7F417}.Release|x86.Build.0 = Release|Win32
	EndGlobalSection
	GlobalSection(SolutionProperties) = preSolution
		HideSolutionNode = FALSE
	EndGlobalSection
	GlobalSection(NestedProjects) = preSolution
		{41052C6A-F890-4260-8A00-5C50D25D40CE} = {A40C23BD-0578-4219-B7EC-9039BC81460C}
		{CD9C3F4B-5BC0-44AD-BE89-3489B05201BC} = {A40C23BD-0578-4219-B7EC-9039BC81460C}
		{5220C5DD-02CD-464F-BBA4-E61661DA842D} = {A40C23BD-0578-4219-B7EC-9039BC81460C}
		{C3594DBA-D4D0-4D0A-B256-00C5B62B69EA} = {A40C23BD-0578-4219-B7EC-9039BC81460C}
		{D78F191A-CBCF-424C-8C59-76EBE87F6BBD} = {7625C3C5-0103-4345-BBEB-0A2E0501FEB0}
		{7625C3C5-0103-4345-BBEB-0A2E0501FEB0} = {29613A91-DB59-4EA9-AFAC-C84E7C3680C2}
		{A3E35833-7277-4B0B-9D2E-78B544C3C2A8} = {7625C3C5-0103-4345-BBEB-0A2E0501FEB0}
		{DB8803E9-2090-4E11-B48B-2283856631C1} = {7625C3C5-0103-4345-BBEB-0A2E0501FEB0}
		{0AEE34B3-86DE-40CE-B5EF-33C6D00CFC4F} = {1078516B-281D-41D4-8EFF-E3CC4DDBA5FD}
		{627D0138-B924-4D75-884E-F1541D7FB0DF} = {7625C3C5-0103-4345-BBEB-0A2E0501FEB0}
		{BB5564A7-1ADD-44D7-A8E1-E6B5D3FB8BCE} = {7625C3C5-0103-4345-BBEB-0A2E0501FEB0}
		{19AE674F-3EDD-4DB0-BD7A-A2A8E16AD458} = {5BB2CB4D-77DB-49B4-BF00-73919F0E11CE}
		{7597C45B-92AF-4C59-9F4B-EC733E61C8CA} = {29613A91-DB59-4EA9-AFAC-C84E7C3680C2}
		{966B3A64-03DF-4970-9989-A55DF90ACCD3} = {7597C45B-92AF-4C59-9F4B-EC733E61C8CA}
		{309D26AB-C9B0-4AD9-B2B8-C4D11EAAAAED} = {7597C45B-92AF-4C59-9F4B-EC733E61C8CA}
		{9151B18C-A1FC-4B7B-A06B-601393E41945} = {5BB2CB4D-77DB-49B4-BF00-73919F0E11CE}
		{5EE9BDF1-CDC8-41B0-B4C2-0BE4699CCB58} = {5BB2CB4D-77DB-49B4-BF00-73919F0E11CE}
		{83DB11FF-2FC4-4910-ABF6-C552F2D03E51} = {5BB2CB4D-77DB-49B4-BF00-73919F0E11CE}
		{EF345C15-CA0C-4187-B148-2F68A8025A2D} = {5BB2CB4D-77DB-49B4-BF00-73919F0E11CE}
		{4F815C1E-E11C-4957-8B6A-82FDA08EF6BE} = {5BB2CB4D-77DB-49B4-BF00-73919F0E11CE}
		{26E0F063-A387-4A55-AA32-78BA71B0994E} = {5BB2CB4D-77DB-49B4-BF00-73919F0E11CE}
		{0A0A490B-8EFC-4923-A706-EA21E95D1124} = {5BB2CB4D-77DB-49B4-BF00-73919F0E11CE}
		{B46C57AF-63DA-4551-B98B-369EFC943D44} = {5BB2CB4D-77DB-49B4-BF00-73919F0E11CE}
		{B7D6CCF7-58A7-4C21-B2E3-4B7A76B7F417} = {B53B3B7E-87DB-4874-8186-6A461BB5BD0A}
	EndGlobalSection
EndGlobal
